
Microsoft Visual Studio Solution File, Format Version 12.00
# Visual Studio 15
VisualStudioVersion = 15.0.27703.2000
MinimumVisualStudioVersion = 10.0.40219.1
Project("{00D1A9C2-B5F0-4AF3-8072-F6C62B433612}") = "DipChallenge", "DipChallenge\DipChallenge.sqlproj", "{7024D8C6-3CD1-4427-BCE7-BE3C55C247DE}"
EndProject
Project("{FAE04EC0-301F-11D3-BF4B-00C04F79EFBC}") = "DipChallengeAPI", "DipChallengeAPI\DipChallengeAPI.csproj", "{EE8B76D3-9B3C-4FC0-9E3A-FA3E3D780764}"
EndProject
Global
	GlobalSection(SolutionConfigurationPlatforms) = preSolution
		Debug|Any CPU = Debug|Any CPU
		Release|Any CPU = Release|Any CPU
	EndGlobalSection
	GlobalSection(ProjectConfigurationPlatforms) = postSolution
		{7024D8C6-3CD1-4427-BCE7-BE3C55C247DE}.Debug|Any CPU.ActiveCfg = Debug|Any CPU
		{7024D8C6-3CD1-4427-BCE7-BE3C55C247DE}.Debug|Any CPU.Build.0 = Debug|Any CPU
		{7024D8C6-3CD1-4427-BCE7-BE3C55C247DE}.Debug|Any CPU.Deploy.0 = Debug|Any CPU
		{7024D8C6-3CD1-4427-BCE7-BE3C55C247DE}.Release|Any CPU.ActiveCfg = Release|Any CPU
		{7024D8C6-3CD1-4427-BCE7-BE3C55C247DE}.Release|Any CPU.Build.0 = Release|Any CPU
		{7024D8C6-3CD1-4427-BCE7-BE3C55C247DE}.Release|Any CPU.Deploy.0 = Release|Any CPU
		{EE8B76D3-9B3C-4FC0-9E3A-FA3E3D780764}.Debug|Any CPU.ActiveCfg = Debug|Any CPU
		{EE8B76D3-9B3C-4FC0-9E3A-FA3E3D780764}.Debug|Any CPU.Build.0 = Debug|Any CPU
		{EE8B76D3-9B3C-4FC0-9E3A-FA3E3D780764}.Release|Any CPU.ActiveCfg = Release|Any CPU
		{EE8B76D3-9B3C-4FC0-9E3A-FA3E3D780764}.Release|Any CPU.Build.0 = Release|Any CPU
	EndGlobalSection
	GlobalSection(SolutionProperties) = preSolution
		HideSolutionNode = FALSE
	EndGlobalSection
	GlobalSection(ExtensibilityGlobals) = postSolution
		SolutionGuid = {239C08F0-B9DC-42ED-8FAA-74A59904490C}
	EndGlobalSection
EndGlobal
